
Microsoft Visual Studio Solution File, Format Version 12.00
# Visual Studio Version 16
VisualStudioVersion = 16.0.33927.289
MinimumVisualStudioVersion = 10.0.40219.1
Project("{FAE04EC0-301F-11D3-BF4B-00C04F79EFBC}") = "ShopOnline", "ShopOnline\ShopOnline.csproj", "{76F6A3A2-9BE0-4496-A067-84A4A7EF8C47}"
EndProject
Global
	GlobalSection(SolutionConfigurationPlatforms) = preSolution
		Debug|Any CPU = Debug|Any CPU
		Release|Any CPU = Release|Any CPU
	EndGlobalSection
	GlobalSection(ProjectConfigurationPlatforms) = postSolution
		{76F6A3A2-9BE0-4496-A067-84A4A7EF8C47}.Debug|Any CPU.ActiveCfg = Debug|Any CPU
		{76F6A3A2-9BE0-4496-A067-84A4A7EF8C47}.Debug|Any CPU.Build.0 = Debug|Any CPU
		{76F6A3A2-9BE0-4496-A067-84A4A7EF8C47}.Release|Any CPU.ActiveCfg = Release|Any CPU
		{76F6A3A2-9BE0-4496-A067-84A4A7EF8C47}.Release|Any CPU.Build.0 = Release|Any CPU
	EndGlobalSection
	GlobalSection(SolutionProperties) = preSolution
		HideSolutionNode = FALSE
	EndGlobalSection
	GlobalSection(ExtensibilityGlobals) = postSolution
		SolutionGuid = {504DB1AB-5837-4479-9090-77A6EB2F9857}
	EndGlobalSection
EndGlobal
